
Microsoft Visual Studio Solution File, Format Version 12.00
# Visual Studio Version 17
VisualStudioVersion = 17.4.33110.190
MinimumVisualStudioVersion = 10.0.40219.1
Project("{FAE04EC0-301F-11D3-BF4B-00C04F79EFBC}") = "EPGP.API", "EPGP.API\EPGP.API.csproj", "{B0D60AF5-943A-4356-ACA4-413956C66112}"
EndProject
Global
	GlobalSection(SolutionConfigurationPlatforms) = preSolution
		Debug|Any CPU = Debug|Any CPU
		Release|Any CPU = Release|Any CPU
	EndGlobalSection
	GlobalSection(ProjectConfigurationPlatforms) = postSolution
		{B0D60AF5-943A-4356-ACA4-413956C66112}.Debug|Any CPU.ActiveCfg = Debug|Any CPU
		{B0D60AF5-943A-4356-ACA4-413956C66112}.Debug|Any CPU.Build.0 = Debug|Any CPU
		{B0D60AF5-943A-4356-ACA4-413956C66112}.Release|Any CPU.ActiveCfg = Release|Any CPU
		{B0D60AF5-943A-4356-ACA4-413956C66112}.Release|Any CPU.Build.0 = Release|Any CPU
	EndGlobalSection
	GlobalSection(SolutionProperties) = preSolution
		HideSolutionNode = FALSE
	EndGlobalSection
	GlobalSection(ExtensibilityGlobals) = postSolution
		SolutionGuid = {EC740F19-EEBA-4325-A1B3-50997C91D04C}
	EndGlobalSection
EndGlobal
